
Microsoft Visual Studio Solution File, Format Version 12.00
# Visual Studio Version 17
VisualStudioVersion = 17.0.31903.59
MinimumVisualStudioVersion = 10.0.40219.1
Project("{FAE04EC0-301F-11D3-BF4B-00C04F79EFBC}") = "KutuphaneAPI", "KutuphaneAPI\KutuphaneAPI.csproj", "{2A64727C-2ACF-4B15-87DE-29B2DCF05D70}"
EndProject
Project("{FAE04EC0-301F-11D3-BF4B-00C04F79EFBC}") = "KutuphaneWeb", "KutuphaneWeb\KutuphaneWeb.csproj", "{A193F8D1-0A06-4647-90DF-9B3389039D29}"
EndProject
Global
	GlobalSection(SolutionConfigurationPlatforms) = preSolution
		Debug|Any CPU = Debug|Any CPU
		Release|Any CPU = Release|Any CPU
	EndGlobalSection
	GlobalSection(SolutionProperties) = preSolution
		HideSolutionNode = FALSE
	EndGlobalSection
	GlobalSection(ProjectConfigurationPlatforms) = postSolution
		{2A64727C-2ACF-4B15-87DE-29B2DCF05D70}.Debug|Any CPU.ActiveCfg = Debug|Any CPU
		{2A64727C-2ACF-4B15-87DE-29B2DCF05D70}.Debug|Any CPU.Build.0 = Debug|Any CPU
		{2A64727C-2ACF-4B15-87DE-29B2DCF05D70}.Release|Any CPU.ActiveCfg = Release|Any CPU
		{2A64727C-2ACF-4B15-87DE-29B2DCF05D70}.Release|Any CPU.Build.0 = Release|Any CPU
		{A193F8D1-0A06-4647-90DF-9B3389039D29}.Debug|Any CPU.ActiveCfg = Debug|Any CPU
		{A193F8D1-0A06-4647-90DF-9B3389039D29}.Debug|Any CPU.Build.0 = Debug|Any CPU
		{A193F8D1-0A06-4647-90DF-9B3389039D29}.Release|Any CPU.ActiveCfg = Release|Any CPU
		{A193F8D1-0A06-4647-90DF-9B3389039D29}.Release|Any CPU.Build.0 = Release|Any CPU
	EndGlobalSection
EndGlobal
